
Microsoft Visual Studio Solution File, Format Version 12.00
# Visual Studio Version 16
VisualStudioVersion = 16.0.30804.86
MinimumVisualStudioVersion = 10.0.40219.1
Project("{8BC9CEB8-8B4A-11D0-8D11-00A0C91BC942}") = "LeetCode_trail", "LeetCode_trail\LeetCode_trail.vcxproj", "{907E7E47-B9B0-4441-9445-2ADC4B88F838}"
EndProject
Project("{8BC9CEB8-8B4A-11D0-8D11-00A0C91BC942}") = "UnitTest_1", "UnitTest_1\UnitTest_1.vcxproj", "{A7B6A668-948E-4192-BAF0-FEC318F2ED57}"
EndProject
Project("{8BC9CEB8-8B4A-11D0-8D11-00A0C91BC942}") = "gtest_02_lib", "gtest_02_lib\gtest_02_lib.vcxproj", "{2F69B3F0-EF8D-4F44-B3B7-A13E2191D320}"
EndProject
Project("{8BC9CEB8-8B4A-11D0-8D11-00A0C91BC942}") = "gtest_sourceCode", "gtest_sourceCode\gtest_sourceCode.vcxproj", "{4806DF80-E1B0-41D1-908B-4EA73E085AB9}"
EndProject
Project("{8BC9CEB8-8B4A-11D0-8D11-00A0C91BC942}") = "boost_test_lib", "boost_test_lib\boost_test_lib.vcxproj", "{BFC7093E-FCD6-4695-BC00-97B0B379F83A}"
EndProject
Project("{8BC9CEB8-8B4A-11D0-8D11-00A0C91BC942}") = "interface_from_DLL", "interface_practice\interface_practice.vcxproj", "{BC730F87-DE2E-4911-AAA6-05A5167255D3}"
EndProject
Project("{8BC9CEB8-8B4A-11D0-8D11-00A0C91BC942}") = "interface_call_from_DLL", "interface_call_practice\interface_call_practice.vcxproj", "{9CE1FF22-2DA6-446B-9802-2228D1740DDA}"
EndProject
Project("{8BC9CEB8-8B4A-11D0-8D11-00A0C91BC942}") = "An interface example", "An interface example\An interface example.vcxproj", "{9E71ACA8-9413-4724-898A-44565D583F70}"
EndProject
Project("{8BC9CEB8-8B4A-11D0-8D11-00A0C91BC942}") = "Interface_Implement_divided", "Interface_Implement_divided\Interface_Implement_divided.vcxproj", "{5CE878FD-36C2-49CF-8A3D-D3F20D471517}"
EndProject
Project("{8BC9CEB8-8B4A-11D0-8D11-00A0C91BC942}") = "interface_practice_normal", "interface_practice_normal\interface_practice_normal.vcxproj", "{AC1630AA-92EA-459C-991D-878E70BBC9F7}"
EndProject
Project("{8BC9CEB8-8B4A-11D0-8D11-00A0C91BC942}") = "interface_export_lib_N_dll", "interface_export_lib_N_dll\interface_export_lib_N_dll.vcxproj", "{8BC7323A-A570-4C7C-9B64-A8A8643F55C4}"
EndProject
Project("{8BC9CEB8-8B4A-11D0-8D11-00A0C91BC942}") = "constructor__doodle", "constructor__doodle\constructor__doodle.vcxproj", "{2752AC5C-07DA-4128-B5C8-F47F3D28F1FF}"
EndProject
Project("{8BC9CEB8-8B4A-11D0-8D11-00A0C91BC942}") = "singleton_doodle", "singleton_doodle\singleton_doodle.vcxproj", "{154DD2C4-4780-46BE-B15F-6A2E99D44777}"
EndProject
Project("{8BC9CEB8-8B4A-11D0-8D11-00A0C91BC942}") = "socket_server", "socket_doodle\socket_doodle.vcxproj", "{F985BF8C-512C-4E69-B694-A8C1B8236D3C}"
EndProject
Project("{8BC9CEB8-8B4A-11D0-8D11-00A0C91BC942}") = "socket_client", "socket_client\socket_client.vcxproj", "{81BFEB2F-8AA8-44A6-8ED0-3AE125E0A5E7}"
EndProject
Project("{8BC9CEB8-8B4A-11D0-8D11-00A0C91BC942}") = "RAII_SMART_POINTER", "Synchronization\Synchronization.vcxproj", "{380E2367-AA24-4024-863F-47B04E53C3AB}"
EndProject
Project("{8BC9CEB8-8B4A-11D0-8D11-00A0C91BC942}") = "reinterpret_cast_doodle", "reinterpret_cast_doodle\reinterpret_cast_doodle.vcxproj", "{830C19C0-3DE0-4489-9854-595596076DC6}"
EndProject
Project("{8BC9CEB8-8B4A-11D0-8D11-00A0C91BC942}") = "derived_doodle", "derived_doodle\derived_doodle.vcxproj", "{7695FD02-3FF8-4EAA-BB6C-D74CCABBA376}"
EndProject
Global
	GlobalSection(SolutionConfigurationPlatforms) = preSolution
		Debug|x64 = Debug|x64
		Debug|x86 = Debug|x86
		Release|x64 = Release|x64
		Release|x86 = Release|x86
	EndGlobalSection
	GlobalSection(ProjectConfigurationPlatforms) = postSolution
		{907E7E47-B9B0-4441-9445-2ADC4B88F838}.Debug|x64.ActiveCfg = Debug|x64
		{907E7E47-B9B0-4441-9445-2ADC4B88F838}.Debug|x64.Build.0 = Debug|x64
		{907E7E47-B9B0-4441-9445-2ADC4B88F838}.Debug|x86.ActiveCfg = Debug|x64
		{907E7E47-B9B0-4441-9445-2ADC4B88F838}.Debug|x86.Build.0 = Debug|x64
		{907E7E47-B9B0-4441-9445-2ADC4B88F838}.Release|x64.ActiveCfg = Release|x64
		{907E7E47-B9B0-4441-9445-2ADC4B88F838}.Release|x64.Build.0 = Release|x64
		{907E7E47-B9B0-4441-9445-2ADC4B88F838}.Release|x86.ActiveCfg = Release|Win32
		{907E7E47-B9B0-4441-9445-2ADC4B88F838}.Release|x86.Build.0 = Release|Win32
		{A7B6A668-948E-4192-BAF0-FEC318F2ED57}.Debug|x64.ActiveCfg = Debug|x64
		{A7B6A668-948E-4192-BAF0-FEC318F2ED57}.Debug|x64.Build.0 = Debug|x64
		{A7B6A668-948E-4192-BAF0-FEC318F2ED57}.Debug|x86.ActiveCfg = Debug|x64
		{A7B6A668-948E-4192-BAF0-FEC318F2ED57}.Debug|x86.Build.0 = Debug|x64
		{A7B6A668-948E-4192-BAF0-FEC318F2ED57}.Release|x64.ActiveCfg = Release|x64
		{A7B6A668-948E-4192-BAF0-FEC318F2ED57}.Release|x64.Build.0 = Release|x64
		{A7B6A668-948E-4192-BAF0-FEC318F2ED57}.Release|x86.ActiveCfg = Release|Win32
		{A7B6A668-948E-4192-BAF0-FEC318F2ED57}.Release|x86.Build.0 = Release|Win32
		{2F69B3F0-EF8D-4F44-B3B7-A13E2191D320}.Debug|x64.ActiveCfg = Debug|x64
		{2F69B3F0-EF8D-4F44-B3B7-A13E2191D320}.Debug|x64.Build.0 = Debug|x64
		{2F69B3F0-EF8D-4F44-B3B7-A13E2191D320}.Debug|x86.ActiveCfg = Debug|x64
		{2F69B3F0-EF8D-4F44-B3B7-A13E2191D320}.Debug|x86.Build.0 = Debug|x64
		{2F69B3F0-EF8D-4F44-B3B7-A13E2191D320}.Release|x64.ActiveCfg = Release|x64
		{2F69B3F0-EF8D-4F44-B3B7-A13E2191D320}.Release|x64.Build.0 = Release|x64
		{2F69B3F0-EF8D-4F44-B3B7-A13E2191D320}.Release|x86.ActiveCfg = Release|Win32
		{2F69B3F0-EF8D-4F44-B3B7-A13E2191D320}.Release|x86.Build.0 = Release|Win32
		{4806DF80-E1B0-41D1-908B-4EA73E085AB9}.Debug|x64.ActiveCfg = Debug|x64
		{4806DF80-E1B0-41D1-908B-4EA73E085AB9}.Debug|x64.Build.0 = Debug|x64
		{4806DF80-E1B0-41D1-908B-4EA73E085AB9}.Debug|x86.ActiveCfg = Debug|Win32
		{4806DF80-E1B0-41D1-908B-4EA73E085AB9}.Debug|x86.Build.0 = Debug|Win32
		{4806DF80-E1B0-41D1-908B-4EA73E085AB9}.Release|x64.ActiveCfg = Release|x64
		{4806DF80-E1B0-41D1-908B-4EA73E085AB9}.Release|x64.Build.0 = Release|x64
		{4806DF80-E1B0-41D1-908B-4EA73E085AB9}.Release|x86.ActiveCfg = Release|Win32
		{4806DF80-E1B0-41D1-908B-4EA73E085AB9}.Release|x86.Build.0 = Release|Win32
		{BFC7093E-FCD6-4695-BC00-97B0B379F83A}.Debug|x64.ActiveCfg = Debug|x64
		{BFC7093E-FCD6-4695-BC00-97B0B379F83A}.Debug|x64.Build.0 = Debug|x64
		{BFC7093E-FCD6-4695-BC00-97B0B379F83A}.Debug|x86.ActiveCfg = Debug|Win32
		{BFC7093E-FCD6-4695-BC00-97B0B379F83A}.Debug|x86.Build.0 = Debug|Win32
		{BFC7093E-FCD6-4695-BC00-97B0B379F83A}.Release|x64.ActiveCfg = Release|x64
		{BFC7093E-FCD6-4695-BC00-97B0B379F83A}.Release|x64.Build.0 = Release|x64
		{BFC7093E-FCD6-4695-BC00-97B0B379F83A}.Release|x86.ActiveCfg = Release|Win32
		{BFC7093E-FCD6-4695-BC00-97B0B379F83A}.Release|x86.Build.0 = Release|Win32
		{BC730F87-DE2E-4911-AAA6-05A5167255D3}.Debug|x64.ActiveCfg = Debug|x64
		{BC730F87-DE2E-4911-AAA6-05A5167255D3}.Debug|x64.Build.0 = Debug|x64
		{BC730F87-DE2E-4911-AAA6-05A5167255D3}.Debug|x86.ActiveCfg = Debug|Win32
		{BC730F87-DE2E-4911-AAA6-05A5167255D3}.Debug|x86.Build.0 = Debug|Win32
		{BC730F87-DE2E-4911-AAA6-05A5167255D3}.Release|x64.ActiveCfg = Release|x64
		{BC730F87-DE2E-4911-AAA6-05A5167255D3}.Release|x64.Build.0 = Release|x64
		{BC730F87-DE2E-4911-AAA6-05A5167255D3}.Release|x86.ActiveCfg = Release|Win32
		{BC730F87-DE2E-4911-AAA6-05A5167255D3}.Release|x86.Build.0 = Release|Win32
		{9CE1FF22-2DA6-446B-9802-2228D1740DDA}.Debug|x64.ActiveCfg = Debug|x64
		{9CE1FF22-2DA6-446B-9802-2228D1740DDA}.Debug|x64.Build.0 = Debug|x64
		{9CE1FF22-2DA6-446B-9802-2228D1740DDA}.Debug|x86.ActiveCfg = Debug|Win32
		{9CE1FF22-2DA6-446B-9802-2228D1740DDA}.Debug|x86.Build.0 = Debug|Win32
		{9CE1FF22-2DA6-446B-9802-2228D1740DDA}.Release|x64.ActiveCfg = Release|x64
		{9CE1FF22-2DA6-446B-9802-2228D1740DDA}.Release|x64.Build.0 = Release|x64
		{9CE1FF22-2DA6-446B-9802-2228D1740DDA}.Release|x86.ActiveCfg = Release|Win32
		{9CE1FF22-2DA6-446B-9802-2228D1740DDA}.Release|x86.Build.0 = Release|Win32
		{9E71ACA8-9413-4724-898A-44565D583F70}.Debug|x64.ActiveCfg = Debug|x64
		{9E71ACA8-9413-4724-898A-44565D583F70}.Debug|x64.Build.0 = Debug|x64
		{9E71ACA8-9413-4724-898A-44565D583F70}.Debug|x86.ActiveCfg = Debug|Win32
		{9E71ACA8-9413-4724-898A-44565D583F70}.Debug|x86.Build.0 = Debug|Win32
		{9E71ACA8-9413-4724-898A-44565D583F70}.Release|x64.ActiveCfg = Release|x64
		{9E71ACA8-9413-4724-898A-44565D583F70}.Release|x64.Build.0 = Release|x64
		{9E71ACA8-9413-4724-898A-44565D583F70}.Release|x86.ActiveCfg = Release|Win32
		{9E71ACA8-9413-4724-898A-44565D583F70}.Release|x86.Build.0 = Release|Win32
		{5CE878FD-36C2-49CF-8A3D-D3F20D471517}.Debug|x64.ActiveCfg = Debug|x64
		{5CE878FD-36C2-49CF-8A3D-D3F20D471517}.Debug|x64.Build.0 = Debug|x64
		{5CE878FD-36C2-49CF-8A3D-D3F20D471517}.Debug|x86.ActiveCfg = Debug|Win32
		{5CE878FD-36C2-49CF-8A3D-D3F20D471517}.Debug|x86.Build.0 = Debug|Win32
		{5CE878FD-36C2-49CF-8A3D-D3F20D471517}.Release|x64.ActiveCfg = Release|x64
		{5CE878FD-36C2-49CF-8A3D-D3F20D471517}.Release|x64.Build.0 = Release|x64
		{5CE878FD-36C2-49CF-8A3D-D3F20D471517}.Release|x86.ActiveCfg = Release|Win32
		{5CE878FD-36C2-49CF-8A3D-D3F20D471517}.Release|x86.Build.0 = Release|Win32
		{AC1630AA-92EA-459C-991D-878E70BBC9F7}.Debug|x64.ActiveCfg = Debug|x64
		{AC1630AA-92EA-459C-991D-878E70BBC9F7}.Debug|x64.Build.0 = Debug|x64
		{AC1630AA-92EA-459C-991D-878E70BBC9F7}.Debug|x86.ActiveCfg = Debug|Win32
		{AC1630AA-92EA-459C-991D-878E70BBC9F7}.Debug|x86.Build.0 = Debug|Win32
		{AC1630AA-92EA-459C-991D-878E70BBC9F7}.Release|x64.ActiveCfg = Release|x64
		{AC1630AA-92EA-459C-991D-878E70BBC9F7}.Release|x64.Build.0 = Release|x64
		{AC1630AA-92EA-459C-991D-878E70BBC9F7}.Release|x86.ActiveCfg = Release|Win32
		{AC1630AA-92EA-459C-991D-878E70BBC9F7}.Release|x86.Build.0 = Release|Win32
		{8BC7323A-A570-4C7C-9B64-A8A8643F55C4}.Debug|x64.ActiveCfg = Debug|x64
		{8BC7323A-A570-4C7C-9B64-A8A8643F55C4}.Debug|x64.Build.0 = Debug|x64
		{8BC7323A-A570-4C7C-9B64-A8A8643F55C4}.Debug|x86.ActiveCfg = Debug|Win32
		{8BC7323A-A570-4C7C-9B64-A8A8643F55C4}.Debug|x86.Build.0 = Debug|Win32
		{8BC7323A-A570-4C7C-9B64-A8A8643F55C4}.Release|x64.ActiveCfg = Release|x64
		{8BC7323A-A570-4C7C-9B64-A8A8643F55C4}.Release|x64.Build.0 = Release|x64
		{8BC7323A-A570-4C7C-9B64-A8A8643F55C4}.Release|x86.ActiveCfg = Release|Win32
		{8BC7323A-A570-4C7C-9B64-A8A8643F55C4}.Release|x86.Build.0 = Release|Win32
		{2752AC5C-07DA-4128-B5C8-F47F3D28F1FF}.Debug|x64.ActiveCfg = Debug|x64
		{2752AC5C-07DA-4128-B5C8-F47F3D28F1FF}.Debug|x64.Build.0 = Debug|x64
		{2752AC5C-07DA-4128-B5C8-F47F3D28F1FF}.Debug|x86.ActiveCfg = Debug|Win32
		{2752AC5C-07DA-4128-B5C8-F47F3D28F1FF}.Debug|x86.Build.0 = Debug|Win32
		{2752AC5C-07DA-4128-B5C8-F47F3D28F1FF}.Release|x64.ActiveCfg = Release|x64
		{2752AC5C-07DA-4128-B5C8-F47F3D28F1FF}.Release|x64.Build.0 = Release|x64
		{2752AC5C-07DA-4128-B5C8-F47F3D28F1FF}.Release|x86.ActiveCfg = Release|Win32
		{2752AC5C-07DA-4128-B5C8-F47F3D28F1FF}.Release|x86.Build.0 = Release|Win32
		{154DD2C4-4780-46BE-B15F-6A2E99D44777}.Debug|x64.ActiveCfg = Debug|x64
		{154DD2C4-4780-46BE-B15F-6A2E99D44777}.Debug|x64.Build.0 = Debug|x64
		{154DD2C4-4780-46BE-B15F-6A2E99D44777}.Debug|x86.ActiveCfg = Debug|Win32
		{154DD2C4-4780-46BE-B15F-6A2E99D44777}.Debug|x86.Build.0 = Debug|Win32
		{154DD2C4-4780-46BE-B15F-6A2E99D44777}.Release|x64.ActiveCfg = Release|x64
		{154DD2C4-4780-46BE-B15F-6A2E99D44777}.Release|x64.Build.0 = Release|x64
		{154DD2C4-4780-46BE-B15F-6A2E99D44777}.Release|x86.ActiveCfg = Release|Win32
		{154DD2C4-4780-46BE-B15F-6A2E99D44777}.Release|x86.Build.0 = Release|Win32
		{F985BF8C-512C-4E69-B694-A8C1B8236D3C}.Debug|x64.ActiveCfg = Debug|x64
		{F985BF8C-512C-4E69-B694-A8C1B8236D3C}.Debug|x64.Build.0 = Debug|x64
		{F985BF8C-512C-4E69-B694-A8C1B8236D3C}.Debug|x86.ActiveCfg = Debug|Win32
		{F985BF8C-512C-4E69-B694-A8C1B8236D3C}.Debug|x86.Build.0 = Debug|Win32
		{F985BF8C-512C-4E69-B694-A8C1B8236D3C}.Release|x64.ActiveCfg = Release|x64
		{F985BF8C-512C-4E69-B694-A8C1B8236D3C}.Release|x64.Build.0 = Release|x64
		{F985BF8C-512C-4E69-B694-A8C1B8236D3C}.Release|x86.ActiveCfg = Release|Win32
		{F985BF8C-512C-4E69-B694-A8C1B8236D3C}.Release|x86.Build.0 = Release|Win32
		{81BFEB2F-8AA8-44A6-8ED0-3AE125E0A5E7}.Debug|x64.ActiveCfg = Debug|x64
		{81BFEB2F-8AA8-44A6-8ED0-3AE125E0A5E7}.Debug|x64.Build.0 = Debug|x64
		{81BFEB2F-8AA8-44A6-8ED0-3AE125E0A5E7}.Debug|x86.ActiveCfg = Debug|Win32
		{81BFEB2F-8AA8-44A6-8ED0-3AE125E0A5E7}.Debug|x86.Build.0 = Debug|Win32
		{81BFEB2F-8AA8-44A6-8ED0-3AE125E0A5E7}.Release|x64.ActiveCfg = Release|x64
		{81BFEB2F-8AA8-44A6-8ED0-3AE125E0A5E7}.Release|x64.Build.0 = Release|x64
		{81BFEB2F-8AA8-44A6-8ED0-3AE125E0A5E7}.Release|x86.ActiveCfg = Release|Win32
		{81BFEB2F-8AA8-44A6-8ED0-3AE125E0A5E7}.Release|x86.Build.0 = Release|Win32
		{380E2367-AA24-4024-863F-47B04E53C3AB}.Debug|x64.ActiveCfg = Debug|x64
		{380E2367-AA24-4024-863F-47B04E53C3AB}.Debug|x64.Build.0 = Debug|x64
		{380E2367-AA24-4024-863F-47B04E53C3AB}.Debug|x86.ActiveCfg = Debug|Win32
		{380E2367-AA24-4024-863F-47B04E53C3AB}.Debug|x86.Build.0 = Debug|Win32
		{380E2367-AA24-4024-863F-47B04E53C3AB}.Release|x64.ActiveCfg = Release|x64
		{380E2367-AA24-4024-863F-47B04E53C3AB}.Release|x64.Build.0 = Release|x64
		{380E2367-AA24-4024-863F-47B04E53C3AB}.Release|x86.ActiveCfg = Release|Win32
		{380E2367-AA24-4024-863F-47B04E53C3AB}.Release|x86.Build.0 = Release|Win32
		{830C19C0-3DE0-4489-9854-595596076DC6}.Debug|x64.ActiveCfg = Debug|x64
		{830C19C0-3DE0-4489-9854-595596076DC6}.Debug|x64.Build.0 = Debug|x64
		{830C19C0-3DE0-4489-9854-595596076DC6}.Debug|x86.ActiveCfg = Debug|Win32
		{830C19C0-3DE0-4489-9854-595596076DC6}.Debug|x86.Build.0 = Debug|Win32
		{830C19C0-3DE0-4489-9854-595596076DC6}.Release|x64.ActiveCfg = Release|x64
		{830C19C0-3DE0-4489-9854-595596076DC6}.Release|x64.Build.0 = Release|x64
		{830C19C0-3DE0-4489-9854-595596076DC6}.Release|x86.ActiveCfg = Release|Win32
		{830C19C0-3DE0-4489-9854-595596076DC6}.Release|x86.Build.0 = Release|Win32
		{7695FD02-3FF8-4EAA-BB6C-D74CCABBA376}.Debug|x64.ActiveCfg = Debug|x64
		{7695FD02-3FF8-4EAA-BB6C-D74CCABBA376}.Debug|x64.Build.0 = Debug|x64
		{7695FD02-3FF8-4EAA-BB6C-D74CCABBA376}.Debug|x86.ActiveCfg = Debug|Win32
		{7695FD02-3FF8-4EAA-BB6C-D74CCABBA376}.Debug|x86.Build.0 = Debug|Win32
		{7695FD02-3FF8-4EAA-BB6C-D74CCABBA376}.Release|x64.ActiveCfg = Release|x64
		{7695FD02-3FF8-4EAA-BB6C-D74CCABBA376}.Release|x64.Build.0 = Release|x64
		{7695FD02-3FF8-4EAA-BB6C-D74CCABBA376}.Release|x86.ActiveCfg = Release|Win32
		{7695FD02-3FF8-4EAA-BB6C-D74CCABBA376}.Release|x86.Build.0 = Release|Win32
	EndGlobalSection
	GlobalSection(SolutionProperties) = preSolution
		HideSolutionNode = FALSE
	EndGlobalSection
	GlobalSection(ExtensibilityGlobals) = postSolution
		SolutionGuid = {F52976E1-A044-4896-A1BD-4CA5A41BF549}
	EndGlobalSection
EndGlobal
